{
  "nodes": {
    "linux-resources": {
      "flake": false,
      "locked": {
        "lastModified": 1786777288,
        "narHash": "sha256-zZuKaW7Lb17QeADs3MfSn4GowDUMnTeTRdEpjY/TtQM=",
        "type": "tarball",
        "url": "https://github.com/Yon-Luc/Roxysu/releases/latest/download/Roxysu-linux-x64-resources.tar.gz"
      },
      "original": {
        "type": "tarball",
        "url": "https://github.com/Yon-Luc/Roxysu/releases/latest/download/Roxysu-linux-x64-resources.tar.gz"
      }
    },
    "nixpkgs": {
      "locked": {
        "lastModified": 1784356753,
        "narHash": "sha256-12KrbMiWLcf8m7pCvAtZh1ZrgF85ZXDXvfR/fWTKy84=",
        "owner": "NixOS",
        "repo": "nixpkgs",
        "rev": "61b7c44c4073f0b827768aff0049561b5110ea5a",
        "type": "github"
      },
      "original": {
        "owner": "NixOS",
        "ref": "nixos-unstable",
        "repo": "nixpkgs",
        "type": "github"
      }
    },
    "root": {
      "inputs": {
        "linux-resources": "linux-resources",
        "nixpkgs": "nixpkgs"
      }
    }
  },
  "root": "root",
  "version": 7
}
